
Microsoft Visual Studio Solution File, Format Version 12.00
# Visual Studio Version 17
VisualStudioVersion = 17.5.33627.172
MinimumVisualStudioVersion = 10.0.40219.1
Project("{FAE04EC0-301F-11D3-BF4B-00C04F79EFBC}") = "Project1", "Project1\Project1.csproj", "{A2E28099-9745-46DE-9125-FEC555748D23}"
EndProject
Global
	GlobalSection(SolutionConfigurationPlatforms) = preSolution
		Debug|Any CPU = Debug|Any CPU
		Release|Any CPU = Release|Any CPU
	EndGlobalSection
	GlobalSection(ProjectConfigurationPlatforms) = postSolution
		{A2E28099-9745-46DE-9125-FEC555748D23}.Debug|Any CPU.ActiveCfg = Debug|Any CPU
		{A2E28099-9745-46DE-9125-FEC555748D23}.Debug|Any CPU.Build.0 = Debug|Any CPU
		{A2E28099-9745-46DE-9125-FEC555748D23}.Release|Any CPU.ActiveCfg = Release|Any CPU
		{A2E28099-9745-46DE-9125-FEC555748D23}.Release|Any CPU.Build.0 = Release|Any CPU
	EndGlobalSection
	GlobalSection(SolutionProperties) = preSolution
		HideSolutionNode = FALSE
	EndGlobalSection
	GlobalSection(ExtensibilityGlobals) = postSolution
		SolutionGuid = {FAA8165B-21CD-4C86-A400-E00189D3CE26}
	EndGlobalSection
EndGlobal
